
Microsoft Visual Studio Solution File, Format Version 12.00
# Visual Studio Version 16
VisualStudioVersion = 16.0.29613.14
MinimumVisualStudioVersion = 15.0.26124.0
Project("{2150E333-8FDC-42A3-9474-1A3956D46DE8}") = "src", "src", "{3EB2B10B-EBF0-4B9D-B3FE-90E6C0ED1022}"
EndProject
Project("{2150E333-8FDC-42A3-9474-1A3956D46DE8}") = "samples", "samples", "{BD7F03E0-37B7-4432-A4C3-BEC76FB52978}"
	ProjectSection(SolutionItems) = preProject
		samples\m8s.yaml = samples\m8s.yaml
	EndProjectSection
EndProject
Project("{2150E333-8FDC-42A3-9474-1A3956D46DE8}") = "Solution Items", "Solution Items", "{F4651752-4D9B-45D2-98B2-D2D1513F8E85}"
	ProjectSection(SolutionItems) = preProject
		.editorconfig = .editorconfig
	EndProjectSection
EndProject
Project("{9A19103F-16F7-4668-BE54-9A1E7A4F7556}") = "BackEnd", "samples\BackEnd\BackEnd.csproj", "{33B902B8-F663-46C7-8380-8AE692401F6A}"
EndProject
Project("{9A19103F-16F7-4668-BE54-9A1E7A4F7556}") = "FrontEnd", "samples\FrontEnd\FrontEnd.csproj", "{E7D69869-B73A-4B38-8AEF-229AAE25E44D}"
EndProject
Project("{9A19103F-16F7-4668-BE54-9A1E7A4F7556}") = "Worker", "samples\Worker\Worker.csproj", "{04B7DBF3-1237-408A-8358-B252D53C06BD}"
EndProject
Project("{9A19103F-16F7-4668-BE54-9A1E7A4F7556}") = "Micronetes.Hosting", "src\Micronetes.Hosting\Micronetes.Hosting.csproj", "{44378BD2-51F5-4694-B8D4-24D0CD6FAA85}"
EndProject
Project("{9A19103F-16F7-4668-BE54-9A1E7A4F7556}") = "ApplicationHost", "samples\ApplicationHost\ApplicationHost.csproj", "{FBC11E77-7D1C-4E05-928D-ADD71735BFDC}"
EndProject
Project("{9A19103F-16F7-4668-BE54-9A1E7A4F7556}") = "Shared.Contracts", "samples\Shared.Contracts\Shared.Contracts.csproj", "{92F7847D-B11B-4357-862E-2F12AE68FE97}"
EndProject
Project("{9A19103F-16F7-4668-BE54-9A1E7A4F7556}") = "Micronetes.Hosting.Runtime", "src\Micronetes.Hosting.Runtime\Micronetes.Hosting.Runtime.csproj", "{5881C552-1BA5-4F2D-A184-0AFE1D6E26E3}"
EndProject
Project("{9A19103F-16F7-4668-BE54-9A1E7A4F7556}") = "m8s", "src\m8s\m8s.csproj", "{2266893F-760E-4A97-A46B-4BF00F464AAC}"
EndProject
Project("{9A19103F-16F7-4668-BE54-9A1E7A4F7556}") = "Micronetes.Hosting.Diagnostics", "src\Micronetes.Hosting.Diagnostics\Micronetes.Hosting.Diagnostics.csproj", "{4EBB8F3A-2EBB-465D-8346-926749F13413}"
EndProject
Global
	GlobalSection(SolutionConfigurationPlatforms) = preSolution
		Debug|Any CPU = Debug|Any CPU
		Debug|x64 = Debug|x64
		Debug|x86 = Debug|x86
		Release|Any CPU = Release|Any CPU
		Release|x64 = Release|x64
		Release|x86 = Release|x86
	EndGlobalSection
	GlobalSection(ProjectConfigurationPlatforms) = postSolution
		{33B902B8-F663-46C7-8380-8AE692401F6A}.Debug|Any CPU.ActiveCfg = Debug|Any CPU
		{33B902B8-F663-46C7-8380-8AE692401F6A}.Debug|Any CPU.Build.0 = Debug|Any CPU
		{33B902B8-F663-46C7-8380-8AE692401F6A}.Debug|x64.ActiveCfg = Debug|Any CPU
		{33B902B8-F663-46C7-8380-8AE692401F6A}.Debug|x64.Build.0 = Debug|Any CPU
		{33B902B8-F663-46C7-8380-8AE692401F6A}.Debug|x86.ActiveCfg = Debug|Any CPU
		{33B902B8-F663-46C7-8380-8AE692401F6A}.Debug|x86.Build.0 = Debug|Any CPU
		{33B902B8-F663-46C7-8380-8AE692401F6A}.Release|Any CPU.ActiveCfg = Release|Any CPU
		{33B902B8-F663-46C7-8380-8AE692401F6A}.Release|Any CPU.Build.0 = Release|Any CPU
		{33B902B8-F663-46C7-8380-8AE692401F6A}.Release|x64.ActiveCfg = Release|Any CPU
		{33B902B8-F663-46C7-8380-8AE692401F6A}.Release|x64.Build.0 = Release|Any CPU
		{33B902B8-F663-46C7-8380-8AE692401F6A}.Release|x86.ActiveCfg = Release|Any CPU
		{33B902B8-F663-46C7-8380-8AE692401F6A}.Release|x86.Build.0 = Release|Any CPU
		{E7D69869-B73A-4B38-8AEF-229AAE25E44D}.Debug|Any CPU.ActiveCfg = Debug|Any CPU
		{E7D69869-B73A-4B38-8AEF-229AAE25E44D}.Debug|Any CPU.Build.0 = Debug|Any CPU
		{E7D69869-B73A-4B38-8AEF-229AAE25E44D}.Debug|x64.ActiveCfg = Debug|Any CPU
		{E7D69869-B73A-4B38-8AEF-229AAE25E44D}.Debug|x64.Build.0 = Debug|Any CPU
		{E7D69869-B73A-4B38-8AEF-229AAE25E44D}.Debug|x86.ActiveCfg = Debug|Any CPU
		{E7D69869-B73A-4B38-8AEF-229AAE25E44D}.Debug|x86.Build.0 = Debug|Any CPU
		{E7D69869-B73A-4B38-8AEF-229AAE25E44D}.Release|Any CPU.ActiveCfg = Release|Any CPU
		{E7D69869-B73A-4B38-8AEF-229AAE25E44D}.Release|Any CPU.Build.0 = Release|Any CPU
		{E7D69869-B73A-4B38-8AEF-229AAE25E44D}.Release|x64.ActiveCfg = Release|Any CPU
		{E7D69869-B73A-4B38-8AEF-229AAE25E44D}.Release|x64.Build.0 = Release|Any CPU
		{E7D69869-B73A-4B38-8AEF-229AAE25E44D}.Release|x86.ActiveCfg = Release|Any CPU
		{E7D69869-B73A-4B38-8AEF-229AAE25E44D}.Release|x86.Build.0 = Release|Any CPU
		{04B7DBF3-1237-408A-8358-B252D53C06BD}.Debug|Any CPU.ActiveCfg = Debug|Any CPU
		{04B7DBF3-1237-408A-8358-B252D53C06BD}.Debug|Any CPU.Build.0 = Debug|Any CPU
		{04B7DBF3-1237-408A-8358-B252D53C06BD}.Debug|x64.ActiveCfg = Debug|Any CPU
		{04B7DBF3-1237-408A-8358-B252D53C06BD}.Debug|x64.Build.0 = Debug|Any CPU
		{04B7DBF3-1237-408A-8358-B252D53C06BD}.Debug|x86.ActiveCfg = Debug|Any CPU
		{04B7DBF3-1237-408A-8358-B252D53C06BD}.Debug|x86.Build.0 = Debug|Any CPU
		{04B7DBF3-1237-408A-8358-B252D53C06BD}.Release|Any CPU.ActiveCfg = Release|Any CPU
		{04B7DBF3-1237-408A-8358-B252D53C06BD}.Release|Any CPU.Build.0 = Release|Any CPU
		{04B7DBF3-1237-408A-8358-B252D53C06BD}.Release|x64.ActiveCfg = Release|Any CPU
		{04B7DBF3-1237-408A-8358-B252D53C06BD}.Release|x64.Build.0 = Release|Any CPU
		{04B7DBF3-1237-408A-8358-B252D53C06BD}.Release|x86.ActiveCfg = Release|Any CPU
		{04B7DBF3-1237-408A-8358-B252D53C06BD}.Release|x86.Build.0 = Release|Any CPU
		{44378BD2-51F5-4694-B8D4-24D0CD6FAA85}.Debug|Any CPU.ActiveCfg = Debug|Any CPU
		{44378BD2-51F5-4694-B8D4-24D0CD6FAA85}.Debug|Any CPU.Build.0 = Debug|Any CPU
		{44378BD2-51F5-4694-B8D4-24D0CD6FAA85}.Debug|x64.ActiveCfg = Debug|Any CPU
		{44378BD2-51F5-4694-B8D4-24D0CD6FAA85}.Debug|x64.Build.0 = Debug|Any CPU
		{44378BD2-51F5-4694-B8D4-24D0CD6FAA85}.Debug|x86.ActiveCfg = Debug|Any CPU
		{44378BD2-51F5-4694-B8D4-24D0CD6FAA85}.Debug|x86.Build.0 = Debug|Any CPU
		{44378BD2-51F5-4694-B8D4-24D0CD6FAA85}.Release|Any CPU.ActiveCfg = Release|Any CPU
		{44378BD2-51F5-4694-B8D4-24D0CD6FAA85}.Release|Any CPU.Build.0 = Release|Any CPU
		{44378BD2-51F5-4694-B8D4-24D0CD6FAA85}.Release|x64.ActiveCfg = Release|Any CPU
		{44378BD2-51F5-4694-B8D4-24D0CD6FAA85}.Release|x64.Build.0 = Release|Any CPU
		{44378BD2-51F5-4694-B8D4-24D0CD6FAA85}.Release|x86.ActiveCfg = Release|Any CPU
		{44378BD2-51F5-4694-B8D4-24D0CD6FAA85}.Release|x86.Build.0 = Release|Any CPU
		{FBC11E77-7D1C-4E05-928D-ADD71735BFDC}.Debug|Any CPU.ActiveCfg = Debug|Any CPU
		{FBC11E77-7D1C-4E05-928D-ADD71735BFDC}.Debug|Any CPU.Build.0 = Debug|Any CPU
		{FBC11E77-7D1C-4E05-928D-ADD71735BFDC}.Debug|x64.ActiveCfg = Debug|Any CPU
		{FBC11E77-7D1C-4E05-928D-ADD71735BFDC}.Debug|x64.Build.0 = Debug|Any CPU
		{FBC11E77-7D1C-4E05-928D-ADD71735BFDC}.Debug|x86.ActiveCfg = Debug|Any CPU
		{FBC11E77-7D1C-4E05-928D-ADD71735BFDC}.Debug|x86.Build.0 = Debug|Any CPU
		{FBC11E77-7D1C-4E05-928D-ADD71735BFDC}.Release|Any CPU.ActiveCfg = Release|Any CPU
		{FBC11E77-7D1C-4E05-928D-ADD71735BFDC}.Release|Any CPU.Build.0 = Release|Any CPU
		{FBC11E77-7D1C-4E05-928D-ADD71735BFDC}.Release|x64.ActiveCfg = Release|Any CPU
		{FBC11E77-7D1C-4E05-928D-ADD71735BFDC}.Release|x64.Build.0 = Release|Any CPU
		{FBC11E77-7D1C-4E05-928D-ADD71735BFDC}.Release|x86.ActiveCfg = Release|Any CPU
		{FBC11E77-7D1C-4E05-928D-ADD71735BFDC}.Release|x86.Build.0 = Release|Any CPU
		{92F7847D-B11B-4357-862E-2F12AE68FE97}.Debug|Any CPU.ActiveCfg = Debug|Any CPU
		{92F7847D-B11B-4357-862E-2F12AE68FE97}.Debug|Any CPU.Build.0 = Debug|Any CPU
		{92F7847D-B11B-4357-862E-2F12AE68FE97}.Debug|x64.ActiveCfg = Debug|Any CPU
		{92F7847D-B11B-4357-862E-2F12AE68FE97}.Debug|x64.Build.0 = Debug|Any CPU
		{92F7847D-B11B-4357-862E-2F12AE68FE97}.Debug|x86.ActiveCfg = Debug|Any CPU
		{92F7847D-B11B-4357-862E-2F12AE68FE97}.Debug|x86.Build.0 = Debug|Any CPU
		{92F7847D-B11B-4357-862E-2F12AE68FE97}.Release|Any CPU.ActiveCfg = Release|Any CPU
		{92F7847D-B11B-4357-862E-2F12AE68FE97}.Release|Any CPU.Build.0 = Release|Any CPU
		{92F7847D-B11B-4357-862E-2F12AE68FE97}.Release|x64.ActiveCfg = Release|Any CPU
		{92F7847D-B11B-4357-862E-2F12AE68FE97}.Release|x64.Build.0 = Release|Any CPU
		{92F7847D-B11B-4357-862E-2F12AE68FE97}.Release|x86.ActiveCfg = Release|Any CPU
		{92F7847D-B11B-4357-862E-2F12AE68FE97}.Release|x86.Build.0 = Release|Any CPU
		{5881C552-1BA5-4F2D-A184-0AFE1D6E26E3}.Debug|Any CPU.ActiveCfg = Debug|Any CPU
		{5881C552-1BA5-4F2D-A184-0AFE1D6E26E3}.Debug|Any CPU.Build.0 = Debug|Any CPU
		{5881C552-1BA5-4F2D-A184-0AFE1D6E26E3}.Debug|x64.ActiveCfg = Debug|Any CPU
		{5881C552-1BA5-4F2D-A184-0AFE1D6E26E3}.Debug|x64.Build.0 = Debug|Any CPU
		{5881C552-1BA5-4F2D-A184-0AFE1D6E26E3}.Debug|x86.ActiveCfg = Debug|Any CPU
		{5881C552-1BA5-4F2D-A184-0AFE1D6E26E3}.Debug|x86.Build.0 = Debug|Any CPU
		{5881C552-1BA5-4F2D-A184-0AFE1D6E26E3}.Release|Any CPU.ActiveCfg = Release|Any CPU
		{5881C552-1BA5-4F2D-A184-0AFE1D6E26E3}.Release|Any CPU.Build.0 = Release|Any CPU
		{5881C552-1BA5-4F2D-A184-0AFE1D6E26E3}.Release|x64.ActiveCfg = Release|Any CPU
		{5881C552-1BA5-4F2D-A184-0AFE1D6E26E3}.Release|x64.Build.0 = Release|Any CPU
		{5881C552-1BA5-4F2D-A184-0AFE1D6E26E3}.Release|x86.ActiveCfg = Release|Any CPU
		{5881C552-1BA5-4F2D-A184-0AFE1D6E26E3}.Release|x86.Build.0 = Release|Any CPU
		{2266893F-760E-4A97-A46B-4BF00F464AAC}.Debug|Any CPU.ActiveCfg = Debug|Any CPU
		{2266893F-760E-4A97-A46B-4BF00F464AAC}.Debug|Any CPU.Build.0 = Debug|Any CPU
		{2266893F-760E-4A97-A46B-4BF00F464AAC}.Debug|x64.ActiveCfg = Debug|Any CPU
		{2266893F-760E-4A97-A46B-4BF00F464AAC}.Debug|x64.Build.0 = Debug|Any CPU
		{2266893F-760E-4A97-A46B-4BF00F464AAC}.Debug|x86.ActiveCfg = Debug|Any CPU
		{2266893F-760E-4A97-A46B-4BF00F464AAC}.Debug|x86.Build.0 = Debug|Any CPU
		{2266893F-760E-4A97-A46B-4BF00F464AAC}.Release|Any CPU.ActiveCfg = Release|Any CPU
		{2266893F-760E-4A97-A46B-4BF00F464AAC}.Release|Any CPU.Build.0 = Release|Any CPU
		{2266893F-760E-4A97-A46B-4BF00F464AAC}.Release|x64.ActiveCfg = Release|Any CPU
		{2266893F-760E-4A97-A46B-4BF00F464AAC}.Release|x64.Build.0 = Release|Any CPU
		{2266893F-760E-4A97-A46B-4BF00F464AAC}.Release|x86.ActiveCfg = Release|Any CPU
		{2266893F-760E-4A97-A46B-4BF00F464AAC}.Release|x86.Build.0 = Release|Any CPU
		{4EBB8F3A-2EBB-465D-8346-926749F13413}.Debug|Any CPU.ActiveCfg = Debug|Any CPU
		{4EBB8F3A-2EBB-465D-8346-926749F13413}.Debug|Any CPU.Build.0 = Debug|Any CPU
		{4EBB8F3A-2EBB-465D-8346-926749F13413}.Debug|x64.ActiveCfg = Debug|Any CPU
		{4EBB8F3A-2EBB-465D-8346-926749F13413}.Debug|x64.Build.0 = Debug|Any CPU
		{4EBB8F3A-2EBB-465D-8346-926749F13413}.Debug|x86.ActiveCfg = Debug|Any CPU
		{4EBB8F3A-2EBB-465D-8346-926749F13413}.Debug|x86.Build.0 = Debug|Any CPU
		{4EBB8F3A-2EBB-465D-8346-926749F13413}.Release|Any CPU.ActiveCfg = Release|Any CPU
		{4EBB8F3A-2EBB-465D-8346-926749F13413}.Release|Any CPU.Build.0 = Release|Any CPU
		{4EBB8F3A-2EBB-465D-8346-926749F13413}.Release|x64.ActiveCfg = Release|Any CPU
		{4EBB8F3A-2EBB-465D-8346-926749F13413}.Release|x64.Build.0 = Release|Any CPU
		{4EBB8F3A-2EBB-465D-8346-926749F13413}.Release|x86.ActiveCfg = Release|Any CPU
		{4EBB8F3A-2EBB-465D-8346-926749F13413}.Release|x86.Build.0 = Release|Any CPU
	EndGlobalSection
	GlobalSection(SolutionProperties) = preSolution
		HideSolutionNode = FALSE
	EndGlobalSection
	GlobalSection(NestedProjects) = preSolution
		{33B902B8-F663-46C7-8380-8AE692401F6A} = {BD7F03E0-37B7-4432-A4C3-BEC76FB52978}
		{E7D69869-B73A-4B38-8AEF-229AAE25E44D} = {BD7F03E0-37B7-4432-A4C3-BEC76FB52978}
		{04B7DBF3-1237-408A-8358-B252D53C06BD} = {BD7F03E0-37B7-4432-A4C3-BEC76FB52978}
		{44378BD2-51F5-4694-B8D4-24D0CD6FAA85} = {3EB2B10B-EBF0-4B9D-B3FE-90E6C0ED1022}
		{FBC11E77-7D1C-4E05-928D-ADD71735BFDC} = {BD7F03E0-37B7-4432-A4C3-BEC76FB52978}
		{92F7847D-B11B-4357-862E-2F12AE68FE97} = {BD7F03E0-37B7-4432-A4C3-BEC76FB52978}
		{5881C552-1BA5-4F2D-A184-0AFE1D6E26E3} = {3EB2B10B-EBF0-4B9D-B3FE-90E6C0ED1022}
		{2266893F-760E-4A97-A46B-4BF00F464AAC} = {3EB2B10B-EBF0-4B9D-B3FE-90E6C0ED1022}
		{4EBB8F3A-2EBB-465D-8346-926749F13413} = {3EB2B10B-EBF0-4B9D-B3FE-90E6C0ED1022}
	EndGlobalSection
	GlobalSection(ExtensibilityGlobals) = postSolution
		SolutionGuid = {EF0637FB-81D0-45A2-BB6A-7409A988AD92}
	EndGlobalSection
EndGlobal
